
Microsoft Visual Studio Solution File, Format Version 12.00
# Visual Studio 15
VisualStudioVersion = 15.0.27703.2047
MinimumVisualStudioVersion = 10.0.40219.1
Project("{FAE04EC0-301F-11D3-BF4B-00C04F79EFBC}") = "MiniWord", "mEdit\MiniWord.csproj", "{A5A2A4CE-AF61-4443-BE89-442B218C95FB}"
EndProject
Global
	GlobalSection(SolutionConfigurationPlatforms) = preSolution
		Debug|Any CPU = Debug|Any CPU
		Release|Any CPU = Release|Any CPU
	EndGlobalSection
	GlobalSection(ProjectConfigurationPlatforms) = postSolution
		{A5A2A4CE-AF61-4443-BE89-442B218C95FB}.Debug|Any CPU.ActiveCfg = Debug|Any CPU
		{A5A2A4CE-AF61-4443-BE89-442B218C95FB}.Debug|Any CPU.Build.0 = Debug|Any CPU
		{A5A2A4CE-AF61-4443-BE89-442B218C95FB}.Release|Any CPU.ActiveCfg = Release|Any CPU
		{A5A2A4CE-AF61-4443-BE89-442B218C95FB}.Release|Any CPU.Build.0 = Release|Any CPU
	EndGlobalSection
	GlobalSection(SolutionProperties) = preSolution
		HideSolutionNode = FALSE
	EndGlobalSection
	GlobalSection(ExtensibilityGlobals) = postSolution
		SolutionGuid = {0B680DEB-8571-434F-869C-7FC629038EC8}
	EndGlobalSection
EndGlobal
